
Microsoft Visual Studio Solution File, Format Version 12.00
# Visual Studio 15
VisualStudioVersion = 15.0.27130.2010
MinimumVisualStudioVersion = 10.0.40219.1
Project("{FAE04EC0-301F-11D3-BF4B-00C04F79EFBC}") = "DfthMonitorSample", "DfthMonitorSample\DfthMonitorSample.csproj", "{A9CEE14E-7CC8-4023-85D9-76F7B2B66925}"
EndProject
Global
	GlobalSection(SolutionConfigurationPlatforms) = preSolution
		Debug|Any CPU = Debug|Any CPU
		Release|Any CPU = Release|Any CPU
	EndGlobalSection
	GlobalSection(ProjectConfigurationPlatforms) = postSolution
		{A9CEE14E-7CC8-4023-85D9-76F7B2B66925}.Debug|Any CPU.ActiveCfg = Debug|Any CPU
		{A9CEE14E-7CC8-4023-85D9-76F7B2B66925}.Debug|Any CPU.Build.0 = Debug|Any CPU
		{A9CEE14E-7CC8-4023-85D9-76F7B2B66925}.Release|Any CPU.ActiveCfg = Release|Any CPU
		{A9CEE14E-7CC8-4023-85D9-76F7B2B66925}.Release|Any CPU.Build.0 = Release|Any CPU
	EndGlobalSection
	GlobalSection(SolutionProperties) = preSolution
		HideSolutionNode = FALSE
	EndGlobalSection
	GlobalSection(ExtensibilityGlobals) = postSolution
		SolutionGuid = {D4F27931-70D3-40B8-ADCD-FD9A1812EB64}
	EndGlobalSection
EndGlobal
